{
  "nodes": {
    "fenix": {
      "inputs": {
        "naersk": "naersk",
        "nixpkgs": "nixpkgs",
        "rust-analyzer-src": "rust-analyzer-src"
      },
      "locked": {
        "lastModified": 1618195356,
        "narHash": "sha256-qwHA0KFi+1QqmFZGTWM/P1t7gKahJWjAbmLVPFvQUPQ=",
        "owner": "nix-community",
        "repo": "fenix",
        "rev": "9d08acc72546d7363381307600f47a4a785f6089",
        "type": "github"
      },
      "original": {
        "owner": "nix-community",
        "repo": "fenix",
        "type": "github"
      }
    },
    "naersk": {
      "inputs": {
        "nixpkgs": [
          "nixpkgs"
        ]
      },
      "locked": {
        "lastModified": 1618068541,
        "narHash": "sha256-enxg0QB53Zis0VJWfJsrX7zCjurpi7lW78EKXbJdzpQ=",
        "owner": "nmattia",
        "repo": "naersk",
        "rev": "b3b099d669fc8b18d361c249091c9fe95d57ebbb",
        "type": "github"
      },
      "original": {
        "owner": "nmattia",
        "repo": "naersk",
        "type": "github"
      }
    },
    "naersk_2": {
      "inputs": {
        "nixpkgs": "nixpkgs_2"
      },
      "locked": {
        "lastModified": 1618068541,
        "narHash": "sha256-enxg0QB53Zis0VJWfJsrX7zCjurpi7lW78EKXbJdzpQ=",
        "owner": "nmattia",
        "repo": "naersk",
        "rev": "b3b099d669fc8b18d361c249091c9fe95d57ebbb",
        "type": "github"
      },
      "original": {
        "owner": "nmattia",
        "repo": "naersk",
        "type": "github"
      }
    },
    "nixpkgs": {
      "locked": {
        "lastModified": 1618072958,
        "narHash": "sha256-QDKj58ECixtb4EJMWV5D5Lb2xdCgab1Opi4zjQWbDOg=",
        "owner": "nixos",
        "repo": "nixpkgs",
        "rev": "a73020b2a150322c9832b50baeb0296ba3b13dd7",
        "type": "github"
      },
      "original": {
        "owner": "nixos",
        "ref": "nixos-unstable",
        "repo": "nixpkgs",
        "type": "github"
      }
    },
    "nixpkgs_2": {
      "locked": {
        "lastModified": 1618254733,
        "narHash": "sha256-PAnOs5ytQgapytd8h4dxewHZiynwYRoJpg12xc/M0oQ=",
        "owner": "NixOS",
        "repo": "nixpkgs",
        "rev": "c63de9b098512694c862257b71b51709cbb3183e",
        "type": "github"
      },
      "original": {
        "id": "nixpkgs",
        "type": "indirect"
      }
    },
    "nixpkgs_3": {
      "locked": {
        "lastModified": 1618254733,
        "narHash": "sha256-PAnOs5ytQgapytd8h4dxewHZiynwYRoJpg12xc/M0oQ=",
        "owner": "NixOS",
        "repo": "nixpkgs",
        "rev": "c63de9b098512694c862257b71b51709cbb3183e",
        "type": "github"
      },
      "original": {
        "id": "nixpkgs",
        "type": "indirect"
      }
    },
    "root": {
      "inputs": {
        "fenix": "fenix",
        "naersk": "naersk_2",
        "nixpkgs": "nixpkgs_3",
        "utils": "utils"
      }
    },
    "rust-analyzer-src": {
      "flake": false,
      "locked": {
        "lastModified": 1618135710,
        "narHash": "sha256-bxm1oflHphoCtWASCx+sq/6tmbbM4ZE5VTfBxbUC4uU=",
        "owner": "rust-analyzer",
        "repo": "rust-analyzer",
        "rev": "7be06139b632ee615fc18af04dd67947e2c794b2",
        "type": "github"
      },
      "original": {
        "owner": "rust-analyzer",
        "ref": "nightly",
        "repo": "rust-analyzer",
        "type": "github"
      }
    },
    "utils": {
      "locked": {
        "lastModified": 1618217525,
        "narHash": "sha256-WGrhVczjXTiswQaoxQ+0PTfbLNeOQM6M36zvLn78AYg=",
        "owner": "numtide",
        "repo": "flake-utils",
        "rev": "c6169a2772643c4a93a0b5ac1c61e296cba68544",
        "type": "github"
      },
      "original": {
        "owner": "numtide",
        "repo": "flake-utils",
        "type": "github"
      }
    }
  },
  "root": "root",
  "version": 7
}
